
Microsoft Visual Studio Solution File, Format Version 12.00
# Visual Studio Version 17
Project("{8BC9CEB8-8B4A-11D0-8D11-00A0C91BC942}") = "ALL_BUILD", "ALL_BUILD.vcxproj", "{46808418-BE7F-3846-8317-55972D03378C}"
	ProjectSection(ProjectDependencies) = postProject
		{6C4C35FC-D03B-3948-9883-52BEC2245AFB} = {6C4C35FC-D03B-3948-9883-52BEC2245AFB}
		{A78ADE83-2A1C-3D56-9336-A043C5B82D47} = {A78ADE83-2A1C-3D56-9336-A043C5B82D47}
		{F8EAD5BB-3FE1-3A24-90F4-7A6A9B2E3F82} = {F8EAD5BB-3FE1-3A24-90F4-7A6A9B2E3F82}
		{02049C24-BD50-314A-9F18-0C0792CCCECD} = {02049C24-BD50-314A-9F18-0C0792CCCECD}
		{A27B5BCD-3B75-3868-8478-ADDBAB7E6793} = {A27B5BCD-3B75-3868-8478-ADDBAB7E6793}
		{3A11D39A-0EAE-3B51-9D26-97B0C0ACD1BE} = {3A11D39A-0EAE-3B51-9D26-97B0C0ACD1BE}
		{9F479215-0D6C-3BA5-A6C6-067D8F420E83} = {9F479215-0D6C-3BA5-A6C6-067D8F420E83}
		{7B9EAEE6-18DF-3322-B1E2-311880D09D40} = {7B9EAEE6-18DF-3322-B1E2-311880D09D40}
		{3FF30211-1109-3495-877B-C4DA5B892AB9} = {3FF30211-1109-3495-877B-C4DA5B892AB9}
		{41385A5F-0284-32B6-92D2-DC67613DFC42} = {41385A5F-0284-32B6-92D2-DC67613DFC42}
		{F5A4DF58-7B4A-30F6-A161-0327F00515AE} = {F5A4DF58-7B4A-30F6-A161-0327F00515AE}
	EndProjectSection
EndProject
Project("{8BC9CEB8-8B4A-11D0-8D11-00A0C91BC942}") = "ZERO_CHECK", "..\\ZERO_CHECK.vcxproj", "{6C4C35FC-D03B-3948-9883-52BEC2245AFB}"
	ProjectSection(ProjectDependencies) = postProject
	EndProjectSection
EndProject
Project("{8BC9CEB8-8B4A-11D0-8D11-00A0C91BC942}") = "cslol-diag", "cslol-diag.vcxproj", "{A78ADE83-2A1C-3D56-9336-A043C5B82D47}"
	ProjectSection(ProjectDependencies) = postProject
		{6C4C35FC-D03B-3948-9883-52BEC2245AFB} = {6C4C35FC-D03B-3948-9883-52BEC2245AFB}
	EndProjectSection
EndProject
Project("{8BC9CEB8-8B4A-11D0-8D11-00A0C91BC942}") = "cslol-lib", "cslol-lib.vcxproj", "{F8EAD5BB-3FE1-3A24-90F4-7A6A9B2E3F82}"
	ProjectSection(ProjectDependencies) = postProject
		{6C4C35FC-D03B-3948-9883-52BEC2245AFB} = {6C4C35FC-D03B-3948-9883-52BEC2245AFB}
		{02049C24-BD50-314A-9F18-0C0792CCCECD} = {02049C24-BD50-314A-9F18-0C0792CCCECD}
		{A27B5BCD-3B75-3868-8478-ADDBAB7E6793} = {A27B5BCD-3B75-3868-8478-ADDBAB7E6793}
		{3A11D39A-0EAE-3B51-9D26-97B0C0ACD1BE} = {3A11D39A-0EAE-3B51-9D26-97B0C0ACD1BE}
		{41385A5F-0284-32B6-92D2-DC67613DFC42} = {41385A5F-0284-32B6-92D2-DC67613DFC42}
		{F5A4DF58-7B4A-30F6-A161-0327F00515AE} = {F5A4DF58-7B4A-30F6-A161-0327F00515AE}
	EndProjectSection
EndProject
Project("{8BC9CEB8-8B4A-11D0-8D11-00A0C91BC942}") = "fmt", "dep\fmt.vcxproj", "{02049C24-BD50-314A-9F18-0C0792CCCECD}"
	ProjectSection(ProjectDependencies) = postProject
		{6C4C35FC-D03B-3948-9883-52BEC2245AFB} = {6C4C35FC-D03B-3948-9883-52BEC2245AFB}
	EndProjectSection
EndProject
Project("{8BC9CEB8-8B4A-11D0-8D11-00A0C91BC942}") = "libdeflate", "dep\libdeflate.vcxproj", "{A27B5BCD-3B75-3868-8478-ADDBAB7E6793}"
	ProjectSection(ProjectDependencies) = postProject
		{6C4C35FC-D03B-3948-9883-52BEC2245AFB} = {6C4C35FC-D03B-3948-9883-52BEC2245AFB}
	EndProjectSection
EndProject
Project("{8BC9CEB8-8B4A-11D0-8D11-00A0C91BC942}") = "miniz", "dep\miniz\miniz.vcxproj", "{3A11D39A-0EAE-3B51-9D26-97B0C0ACD1BE}"
	ProjectSection(ProjectDependencies) = postProject
		{6C4C35FC-D03B-3948-9883-52BEC2245AFB} = {6C4C35FC-D03B-3948-9883-52BEC2245AFB}
	EndProjectSection
EndProject
Project("{8BC9CEB8-8B4A-11D0-8D11-00A0C91BC942}") = "mod-tools", "mod-tools.vcxproj", "{9F479215-0D6C-3BA5-A6C6-067D8F420E83}"
	ProjectSection(ProjectDependencies) = postProject
		{6C4C35FC-D03B-3948-9883-52BEC2245AFB} = {6C4C35FC-D03B-3948-9883-52BEC2245AFB}
		{F8EAD5BB-3FE1-3A24-90F4-7A6A9B2E3F82} = {F8EAD5BB-3FE1-3A24-90F4-7A6A9B2E3F82}
		{02049C24-BD50-314A-9F18-0C0792CCCECD} = {02049C24-BD50-314A-9F18-0C0792CCCECD}
		{A27B5BCD-3B75-3868-8478-ADDBAB7E6793} = {A27B5BCD-3B75-3868-8478-ADDBAB7E6793}
		{3A11D39A-0EAE-3B51-9D26-97B0C0ACD1BE} = {3A11D39A-0EAE-3B51-9D26-97B0C0ACD1BE}
		{41385A5F-0284-32B6-92D2-DC67613DFC42} = {41385A5F-0284-32B6-92D2-DC67613DFC42}
		{F5A4DF58-7B4A-30F6-A161-0327F00515AE} = {F5A4DF58-7B4A-30F6-A161-0327F00515AE}
	EndProjectSection
EndProject
Project("{8BC9CEB8-8B4A-11D0-8D11-00A0C91BC942}") = "wad-extract", "wad-extract.vcxproj", "{7B9EAEE6-18DF-3322-B1E2-311880D09D40}"
	ProjectSection(ProjectDependencies) = postProject
		{6C4C35FC-D03B-3948-9883-52BEC2245AFB} = {6C4C35FC-D03B-3948-9883-52BEC2245AFB}
		{F8EAD5BB-3FE1-3A24-90F4-7A6A9B2E3F82} = {F8EAD5BB-3FE1-3A24-90F4-7A6A9B2E3F82}
		{02049C24-BD50-314A-9F18-0C0792CCCECD} = {02049C24-BD50-314A-9F18-0C0792CCCECD}
		{A27B5BCD-3B75-3868-8478-ADDBAB7E6793} = {A27B5BCD-3B75-3868-8478-ADDBAB7E6793}
		{3A11D39A-0EAE-3B51-9D26-97B0C0ACD1BE} = {3A11D39A-0EAE-3B51-9D26-97B0C0ACD1BE}
		{41385A5F-0284-32B6-92D2-DC67613DFC42} = {41385A5F-0284-32B6-92D2-DC67613DFC42}
		{F5A4DF58-7B4A-30F6-A161-0327F00515AE} = {F5A4DF58-7B4A-30F6-A161-0327F00515AE}
	EndProjectSection
EndProject
Project("{8BC9CEB8-8B4A-11D0-8D11-00A0C91BC942}") = "wad-make", "wad-make.vcxproj", "{3FF30211-1109-3495-877B-C4DA5B892AB9}"
	ProjectSection(ProjectDependencies) = postProject
		{6C4C35FC-D03B-3948-9883-52BEC2245AFB} = {6C4C35FC-D03B-3948-9883-52BEC2245AFB}
		{F8EAD5BB-3FE1-3A24-90F4-7A6A9B2E3F82} = {F8EAD5BB-3FE1-3A24-90F4-7A6A9B2E3F82}
		{02049C24-BD50-314A-9F18-0C0792CCCECD} = {02049C24-BD50-314A-9F18-0C0792CCCECD}
		{A27B5BCD-3B75-3868-8478-ADDBAB7E6793} = {A27B5BCD-3B75-3868-8478-ADDBAB7E6793}
		{3A11D39A-0EAE-3B51-9D26-97B0C0ACD1BE} = {3A11D39A-0EAE-3B51-9D26-97B0C0ACD1BE}
		{41385A5F-0284-32B6-92D2-DC67613DFC42} = {41385A5F-0284-32B6-92D2-DC67613DFC42}
		{F5A4DF58-7B4A-30F6-A161-0327F00515AE} = {F5A4DF58-7B4A-30F6-A161-0327F00515AE}
	EndProjectSection
EndProject
Project("{8BC9CEB8-8B4A-11D0-8D11-00A0C91BC942}") = "xxhash", "dep\xxhash.vcxproj", "{41385A5F-0284-32B6-92D2-DC67613DFC42}"
	ProjectSection(ProjectDependencies) = postProject
		{6C4C35FC-D03B-3948-9883-52BEC2245AFB} = {6C4C35FC-D03B-3948-9883-52BEC2245AFB}
	EndProjectSection
EndProject
Project("{8BC9CEB8-8B4A-11D0-8D11-00A0C91BC942}") = "zstd", "dep\zstd.vcxproj", "{F5A4DF58-7B4A-30F6-A161-0327F00515AE}"
	ProjectSection(ProjectDependencies) = postProject
		{6C4C35FC-D03B-3948-9883-52BEC2245AFB} = {6C4C35FC-D03B-3948-9883-52BEC2245AFB}
	EndProjectSection
EndProject
Global
	GlobalSection(SolutionConfigurationPlatforms) = preSolution
		Debug|x64 = Debug|x64
		Release|x64 = Release|x64
		MinSizeRel|x64 = MinSizeRel|x64
		RelWithDebInfo|x64 = RelWithDebInfo|x64
	EndGlobalSection
	GlobalSection(ProjectConfigurationPlatforms) = postSolution
		{46808418-BE7F-3846-8317-55972D03378C}.Debug|x64.ActiveCfg = Debug|x64
		{46808418-BE7F-3846-8317-55972D03378C}.Release|x64.ActiveCfg = Release|x64
		{46808418-BE7F-3846-8317-55972D03378C}.MinSizeRel|x64.ActiveCfg = MinSizeRel|x64
		{46808418-BE7F-3846-8317-55972D03378C}.RelWithDebInfo|x64.ActiveCfg = RelWithDebInfo|x64
		{6C4C35FC-D03B-3948-9883-52BEC2245AFB}.Debug|x64.ActiveCfg = Debug|x64
		{6C4C35FC-D03B-3948-9883-52BEC2245AFB}.Debug|x64.Build.0 = Debug|x64
		{6C4C35FC-D03B-3948-9883-52BEC2245AFB}.Release|x64.ActiveCfg = Release|x64
		{6C4C35FC-D03B-3948-9883-52BEC2245AFB}.Release|x64.Build.0 = Release|x64
		{6C4C35FC-D03B-3948-9883-52BEC2245AFB}.MinSizeRel|x64.ActiveCfg = MinSizeRel|x64
		{6C4C35FC-D03B-3948-9883-52BEC2245AFB}.MinSizeRel|x64.Build.0 = MinSizeRel|x64
		{6C4C35FC-D03B-3948-9883-52BEC2245AFB}.RelWithDebInfo|x64.ActiveCfg = RelWithDebInfo|x64
		{6C4C35FC-D03B-3948-9883-52BEC2245AFB}.RelWithDebInfo|x64.Build.0 = RelWithDebInfo|x64
		{A78ADE83-2A1C-3D56-9336-A043C5B82D47}.Debug|x64.ActiveCfg = Debug|x64
		{A78ADE83-2A1C-3D56-9336-A043C5B82D47}.Debug|x64.Build.0 = Debug|x64
		{A78ADE83-2A1C-3D56-9336-A043C5B82D47}.Release|x64.ActiveCfg = Release|x64
		{A78ADE83-2A1C-3D56-9336-A043C5B82D47}.Release|x64.Build.0 = Release|x64
		{A78ADE83-2A1C-3D56-9336-A043C5B82D47}.MinSizeRel|x64.ActiveCfg = MinSizeRel|x64
		{A78ADE83-2A1C-3D56-9336-A043C5B82D47}.MinSizeRel|x64.Build.0 = MinSizeRel|x64
		{A78ADE83-2A1C-3D56-9336-A043C5B82D47}.RelWithDebInfo|x64.ActiveCfg = RelWithDebInfo|x64
		{A78ADE83-2A1C-3D56-9336-A043C5B82D47}.RelWithDebInfo|x64.Build.0 = RelWithDebInfo|x64
		{F8EAD5BB-3FE1-3A24-90F4-7A6A9B2E3F82}.Debug|x64.ActiveCfg = Debug|x64
		{F8EAD5BB-3FE1-3A24-90F4-7A6A9B2E3F82}.Debug|x64.Build.0 = Debug|x64
		{F8EAD5BB-3FE1-3A24-90F4-7A6A9B2E3F82}.Release|x64.ActiveCfg = Release|x64
		{F8EAD5BB-3FE1-3A24-90F4-7A6A9B2E3F82}.Release|x64.Build.0 = Release|x64
		{F8EAD5BB-3FE1-3A24-90F4-7A6A9B2E3F82}.MinSizeRel|x64.ActiveCfg = MinSizeRel|x64
		{F8EAD5BB-3FE1-3A24-90F4-7A6A9B2E3F82}.MinSizeRel|x64.Build.0 = MinSizeRel|x64
		{F8EAD5BB-3FE1-3A24-90F4-7A6A9B2E3F82}.RelWithDebInfo|x64.ActiveCfg = RelWithDebInfo|x64
		{F8EAD5BB-3FE1-3A24-90F4-7A6A9B2E3F82}.RelWithDebInfo|x64.Build.0 = RelWithDebInfo|x64
		{02049C24-BD50-314A-9F18-0C0792CCCECD}.Debug|x64.ActiveCfg = Debug|x64
		{02049C24-BD50-314A-9F18-0C0792CCCECD}.Debug|x64.Build.0 = Debug|x64
		{02049C24-BD50-314A-9F18-0C0792CCCECD}.Release|x64.ActiveCfg = Release|x64
		{02049C24-BD50-314A-9F18-0C0792CCCECD}.Release|x64.Build.0 = Release|x64
		{02049C24-BD50-314A-9F18-0C0792CCCECD}.MinSizeRel|x64.ActiveCfg = MinSizeRel|x64
		{02049C24-BD50-314A-9F18-0C0792CCCECD}.MinSizeRel|x64.Build.0 = MinSizeRel|x64
		{02049C24-BD50-314A-9F18-0C0792CCCECD}.RelWithDebInfo|x64.ActiveCfg = RelWithDebInfo|x64
		{02049C24-BD50-314A-9F18-0C0792CCCECD}.RelWithDebInfo|x64.Build.0 = RelWithDebInfo|x64
		{A27B5BCD-3B75-3868-8478-ADDBAB7E6793}.Debug|x64.ActiveCfg = Debug|x64
		{A27B5BCD-3B75-3868-8478-ADDBAB7E6793}.Debug|x64.Build.0 = Debug|x64
		{A27B5BCD-3B75-3868-8478-ADDBAB7E6793}.Release|x64.ActiveCfg = Release|x64
		{A27B5BCD-3B75-3868-8478-ADDBAB7E6793}.Release|x64.Build.0 = Release|x64
		{A27B5BCD-3B75-3868-8478-ADDBAB7E6793}.MinSizeRel|x64.ActiveCfg = MinSizeRel|x64
		{A27B5BCD-3B75-3868-8478-ADDBAB7E6793}.MinSizeRel|x64.Build.0 = MinSizeRel|x64
		{A27B5BCD-3B75-3868-8478-ADDBAB7E6793}.RelWithDebInfo|x64.ActiveCfg = RelWithDebInfo|x64
		{A27B5BCD-3B75-3868-8478-ADDBAB7E6793}.RelWithDebInfo|x64.Build.0 = RelWithDebInfo|x64
		{3A11D39A-0EAE-3B51-9D26-97B0C0ACD1BE}.Debug|x64.ActiveCfg = Debug|x64
		{3A11D39A-0EAE-3B51-9D26-97B0C0ACD1BE}.Debug|x64.Build.0 = Debug|x64
		{3A11D39A-0EAE-3B51-9D26-97B0C0ACD1BE}.Release|x64.ActiveCfg = Release|x64
		{3A11D39A-0EAE-3B51-9D26-97B0C0ACD1BE}.Release|x64.Build.0 = Release|x64
		{3A11D39A-0EAE-3B51-9D26-97B0C0ACD1BE}.MinSizeRel|x64.ActiveCfg = MinSizeRel|x64
		{3A11D39A-0EAE-3B51-9D26-97B0C0ACD1BE}.MinSizeRel|x64.Build.0 = MinSizeRel|x64
		{3A11D39A-0EAE-3B51-9D26-97B0C0ACD1BE}.RelWithDebInfo|x64.ActiveCfg = RelWithDebInfo|x64
		{3A11D39A-0EAE-3B51-9D26-97B0C0ACD1BE}.RelWithDebInfo|x64.Build.0 = RelWithDebInfo|x64
		{9F479215-0D6C-3BA5-A6C6-067D8F420E83}.Debug|x64.ActiveCfg = Debug|x64
		{9F479215-0D6C-3BA5-A6C6-067D8F420E83}.Debug|x64.Build.0 = Debug|x64
		{9F479215-0D6C-3BA5-A6C6-067D8F420E83}.Release|x64.ActiveCfg = Release|x64
		{9F479215-0D6C-3BA5-A6C6-067D8F420E83}.Release|x64.Build.0 = Release|x64
		{9F479215-0D6C-3BA5-A6C6-067D8F420E83}.MinSizeRel|x64.ActiveCfg = MinSizeRel|x64
		{9F479215-0D6C-3BA5-A6C6-067D8F420E83}.MinSizeRel|x64.Build.0 = MinSizeRel|x64
		{9F479215-0D6C-3BA5-A6C6-067D8F420E83}.RelWithDebInfo|x64.ActiveCfg = RelWithDebInfo|x64
		{9F479215-0D6C-3BA5-A6C6-067D8F420E83}.RelWithDebInfo|x64.Build.0 = RelWithDebInfo|x64
		{7B9EAEE6-18DF-3322-B1E2-311880D09D40}.Debug|x64.ActiveCfg = Debug|x64
		{7B9EAEE6-18DF-3322-B1E2-311880D09D40}.Debug|x64.Build.0 = Debug|x64
		{7B9EAEE6-18DF-3322-B1E2-311880D09D40}.Release|x64.ActiveCfg = Release|x64
		{7B9EAEE6-18DF-3322-B1E2-311880D09D40}.Release|x64.Build.0 = Release|x64
		{7B9EAEE6-18DF-3322-B1E2-311880D09D40}.MinSizeRel|x64.ActiveCfg = MinSizeRel|x64
		{7B9EAEE6-18DF-3322-B1E2-311880D09D40}.MinSizeRel|x64.Build.0 = MinSizeRel|x64
		{7B9EAEE6-18DF-3322-B1E2-311880D09D40}.RelWithDebInfo|x64.ActiveCfg = RelWithDebInfo|x64
		{7B9EAEE6-18DF-3322-B1E2-311880D09D40}.RelWithDebInfo|x64.Build.0 = RelWithDebInfo|x64
		{3FF30211-1109-3495-877B-C4DA5B892AB9}.Debug|x64.ActiveCfg = Debug|x64
		{3FF30211-1109-3495-877B-C4DA5B892AB9}.Debug|x64.Build.0 = Debug|x64
		{3FF30211-1109-3495-877B-C4DA5B892AB9}.Release|x64.ActiveCfg = Release|x64
		{3FF30211-1109-3495-877B-C4DA5B892AB9}.Release|x64.Build.0 = Release|x64
		{3FF30211-1109-3495-877B-C4DA5B892AB9}.MinSizeRel|x64.ActiveCfg = MinSizeRel|x64
		{3FF30211-1109-3495-877B-C4DA5B892AB9}.MinSizeRel|x64.Build.0 = MinSizeRel|x64
		{3FF30211-1109-3495-877B-C4DA5B892AB9}.RelWithDebInfo|x64.ActiveCfg = RelWithDebInfo|x64
		{3FF30211-1109-3495-877B-C4DA5B892AB9}.RelWithDebInfo|x64.Build.0 = RelWithDebInfo|x64
		{41385A5F-0284-32B6-92D2-DC67613DFC42}.Debug|x64.ActiveCfg = Debug|x64
		{41385A5F-0284-32B6-92D2-DC67613DFC42}.Debug|x64.Build.0 = Debug|x64
		{41385A5F-0284-32B6-92D2-DC67613DFC42}.Release|x64.ActiveCfg = Release|x64
		{41385A5F-0284-32B6-92D2-DC67613DFC42}.Release|x64.Build.0 = Release|x64
		{41385A5F-0284-32B6-92D2-DC67613DFC42}.MinSizeRel|x64.ActiveCfg = MinSizeRel|x64
		{41385A5F-0284-32B6-92D2-DC67613DFC42}.MinSizeRel|x64.Build.0 = MinSizeRel|x64
		{41385A5F-0284-32B6-92D2-DC67613DFC42}.RelWithDebInfo|x64.ActiveCfg = RelWithDebInfo|x64
		{41385A5F-0284-32B6-92D2-DC67613DFC42}.RelWithDebInfo|x64.Build.0 = RelWithDebInfo|x64
		{F5A4DF58-7B4A-30F6-A161-0327F00515AE}.Debug|x64.ActiveCfg = Debug|x64
		{F5A4DF58-7B4A-30F6-A161-0327F00515AE}.Debug|x64.Build.0 = Debug|x64
		{F5A4DF58-7B4A-30F6-A161-0327F00515AE}.Release|x64.ActiveCfg = Release|x64
		{F5A4DF58-7B4A-30F6-A161-0327F00515AE}.Release|x64.Build.0 = Release|x64
		{F5A4DF58-7B4A-30F6-A161-0327F00515AE}.MinSizeRel|x64.ActiveCfg = MinSizeRel|x64
		{F5A4DF58-7B4A-30F6-A161-0327F00515AE}.MinSizeRel|x64.Build.0 = MinSizeRel|x64
		{F5A4DF58-7B4A-30F6-A161-0327F00515AE}.RelWithDebInfo|x64.ActiveCfg = RelWithDebInfo|x64
		{F5A4DF58-7B4A-30F6-A161-0327F00515AE}.RelWithDebInfo|x64.Build.0 = RelWithDebInfo|x64
	EndGlobalSection
	GlobalSection(ExtensibilityGlobals) = postSolution
		SolutionGuid = {138ADEBB-57A3-3870-958F-86106AA6278C}
	EndGlobalSection
	GlobalSection(ExtensibilityAddIns) = postSolution
	EndGlobalSection
EndGlobal
